
Microsoft Visual Studio Solution File, Format Version 12.00
# Visual Studio Version 17
VisualStudioVersion = 17.8.34309.116
MinimumVisualStudioVersion = 10.0.40219.1
Project("{FAE04EC0-301F-11D3-BF4B-00C04F79EFBC}") = "MyAttrib", "MyAttrib\MyAttrib.csproj", "{88CD2234-D77F-4915-AE02-A2E77CB7327A}"
EndProject
Project("{FAE04EC0-301F-11D3-BF4B-00C04F79EFBC}") = "MyReflect", "MyReflect\MyReflect.csproj", "{85BEBE7E-A849-4150-997B-CCA1B089A12A}"
EndProject
Global
	GlobalSection(SolutionConfigurationPlatforms) = preSolution
		Debug|Any CPU = Debug|Any CPU
		Release|Any CPU = Release|Any CPU
	EndGlobalSection
	GlobalSection(ProjectConfigurationPlatforms) = postSolution
		{88CD2234-D77F-4915-AE02-A2E77CB7327A}.Debug|Any CPU.ActiveCfg = Debug|Any CPU
		{88CD2234-D77F-4915-AE02-A2E77CB7327A}.Debug|Any CPU.Build.0 = Debug|Any CPU
		{88CD2234-D77F-4915-AE02-A2E77CB7327A}.Release|Any CPU.ActiveCfg = Release|Any CPU
		{88CD2234-D77F-4915-AE02-A2E77CB7327A}.Release|Any CPU.Build.0 = Release|Any CPU
		{85BEBE7E-A849-4150-997B-CCA1B089A12A}.Debug|Any CPU.ActiveCfg = Debug|Any CPU
		{85BEBE7E-A849-4150-997B-CCA1B089A12A}.Debug|Any CPU.Build.0 = Debug|Any CPU
		{85BEBE7E-A849-4150-997B-CCA1B089A12A}.Release|Any CPU.ActiveCfg = Release|Any CPU
		{85BEBE7E-A849-4150-997B-CCA1B089A12A}.Release|Any CPU.Build.0 = Release|Any CPU
	EndGlobalSection
	GlobalSection(SolutionProperties) = preSolution
		HideSolutionNode = FALSE
	EndGlobalSection
	GlobalSection(ExtensibilityGlobals) = postSolution
		SolutionGuid = {EA7A600A-F3BF-4A3F-8F2E-E63B8025DDC1}
	EndGlobalSection
EndGlobal
